
Microsoft Visual Studio Solution File, Format Version 12.00
# Visual Studio Version 17
VisualStudioVersion = 17.5.33414.496
MinimumVisualStudioVersion = 10.0.40219.1
Project("{54A90642-561A-4BB1-A94E-469ADEE60C69}") = "bookhunter-frontend", "BookHunter-Frontend\bookhunter-frontend.esproj", "{DCC082C3-0776-4C4B-8311-1733C33412E5}"
EndProject
Project("{FAE04EC0-301F-11D3-BF4B-00C04F79EFBC}") = "bookhunter-backend", "bookhunter-backend\bookhunter-backend.csproj", "{43B3ACE7-51C5-464D-99F3-DB889AE45CDC}"
EndProject
Global
	GlobalSection(SolutionConfigurationPlatforms) = preSolution
		Debug|Any CPU = Debug|Any CPU
		Release|Any CPU = Release|Any CPU
	EndGlobalSection
	GlobalSection(ProjectConfigurationPlatforms) = postSolution
		{DCC082C3-0776-4C4B-8311-1733C33412E5}.Debug|Any CPU.ActiveCfg = Debug|Any CPU
		{DCC082C3-0776-4C4B-8311-1733C33412E5}.Debug|Any CPU.Build.0 = Debug|Any CPU
		{DCC082C3-0776-4C4B-8311-1733C33412E5}.Debug|Any CPU.Deploy.0 = Debug|Any CPU
		{DCC082C3-0776-4C4B-8311-1733C33412E5}.Release|Any CPU.ActiveCfg = Release|Any CPU
		{DCC082C3-0776-4C4B-8311-1733C33412E5}.Release|Any CPU.Build.0 = Release|Any CPU
		{DCC082C3-0776-4C4B-8311-1733C33412E5}.Release|Any CPU.Deploy.0 = Release|Any CPU
		{43B3ACE7-51C5-464D-99F3-DB889AE45CDC}.Debug|Any CPU.ActiveCfg = Debug|Any CPU
		{43B3ACE7-51C5-464D-99F3-DB889AE45CDC}.Debug|Any CPU.Build.0 = Debug|Any CPU
		{43B3ACE7-51C5-464D-99F3-DB889AE45CDC}.Release|Any CPU.ActiveCfg = Release|Any CPU
		{43B3ACE7-51C5-464D-99F3-DB889AE45CDC}.Release|Any CPU.Build.0 = Release|Any CPU
	EndGlobalSection
	GlobalSection(SolutionProperties) = preSolution
		HideSolutionNode = FALSE
	EndGlobalSection
	GlobalSection(ExtensibilityGlobals) = postSolution
		SolutionGuid = {F3EB7F3A-CB48-4067-AC49-05024E49A630}
	EndGlobalSection
EndGlobal
